
Microsoft Visual Studio Solution File, Format Version 12.00
# Visual Studio 15
VisualStudioVersion = 15.0.27130.0
MinimumVisualStudioVersion = 10.0.40219.1
Project("{FAE04EC0-301F-11D3-BF4B-00C04F79EFBC}") = "Portfolio.Android", "Portfolio\Portfolio.Android\Portfolio.Android.csproj", "{166893CE-FEDF-4ACD-83D9-32538BB4F50A}"
EndProject
Project("{FAE04EC0-301F-11D3-BF4B-00C04F79EFBC}") = "Portfolio.iOS", "Portfolio\Portfolio.iOS\Portfolio.iOS.csproj", "{AE05EC40-9B93-43E0-B2F2-2DCC601BB1D4}"
EndProject
Project("{FAE04EC0-301F-11D3-BF4B-00C04F79EFBC}") = "Portfolio.UWP", "Portfolio\Portfolio.UWP\Portfolio.UWP.csproj", "{0DA2B9CB-B05F-4C18-9606-5A261B9D4D3B}"
EndProject
Project("{FAE04EC0-301F-11D3-BF4B-00C04F79EFBC}") = "Portfolio", "Portfolio\Portfolio\Portfolio.csproj", "{A23F8322-CC47-46CF-837B-6E10B9711ED0}"
EndProject
Global
	GlobalSection(SolutionConfigurationPlatforms) = preSolution
		Ad-Hoc|Any CPU = Ad-Hoc|Any CPU
		Ad-Hoc|ARM = Ad-Hoc|ARM
		Ad-Hoc|iPhone = Ad-Hoc|iPhone
		Ad-Hoc|iPhoneSimulator = Ad-Hoc|iPhoneSimulator
		Ad-Hoc|x64 = Ad-Hoc|x64
		Ad-Hoc|x86 = Ad-Hoc|x86
		AppStore|Any CPU = AppStore|Any CPU
		AppStore|ARM = AppStore|ARM
		AppStore|iPhone = AppStore|iPhone
		AppStore|iPhoneSimulator = AppStore|iPhoneSimulator
		AppStore|x64 = AppStore|x64
		AppStore|x86 = AppStore|x86
		Debug|Any CPU = Debug|Any CPU
		Debug|ARM = Debug|ARM
		Debug|iPhone = Debug|iPhone
		Debug|iPhoneSimulator = Debug|iPhoneSimulator
		Debug|x64 = Debug|x64
		Debug|x86 = Debug|x86
		Release|Any CPU = Release|Any CPU
		Release|ARM = Release|ARM
		Release|iPhone = Release|iPhone
		Release|iPhoneSimulator = Release|iPhoneSimulator
		Release|x64 = Release|x64
		Release|x86 = Release|x86
	EndGlobalSection
	GlobalSection(ProjectConfigurationPlatforms) = postSolution
		{166893CE-FEDF-4ACD-83D9-32538BB4F50A}.Ad-Hoc|Any CPU.ActiveCfg = Release|Any CPU
		{166893CE-FEDF-4ACD-83D9-32538BB4F50A}.Ad-Hoc|Any CPU.Build.0 = Release|Any CPU
		{166893CE-FEDF-4ACD-83D9-32538BB4F50A}.Ad-Hoc|Any CPU.Deploy.0 = Release|Any CPU
		{166893CE-FEDF-4ACD-83D9-32538BB4F50A}.Ad-Hoc|ARM.ActiveCfg = Release|Any CPU
		{166893CE-FEDF-4ACD-83D9-32538BB4F50A}.Ad-Hoc|ARM.Build.0 = Release|Any CPU
		{166893CE-FEDF-4ACD-83D9-32538BB4F50A}.Ad-Hoc|ARM.Deploy.0 = Release|Any CPU
		{166893CE-FEDF-4ACD-83D9-32538BB4F50A}.Ad-Hoc|iPhone.ActiveCfg = Release|Any CPU
		{166893CE-FEDF-4ACD-83D9-32538BB4F50A}.Ad-Hoc|iPhone.Build.0 = Release|Any CPU
		{166893CE-FEDF-4ACD-83D9-32538BB4F50A}.Ad-Hoc|iPhone.Deploy.0 = Release|Any CPU
		{166893CE-FEDF-4ACD-83D9-32538BB4F50A}.Ad-Hoc|iPhoneSimulator.ActiveCfg = Release|Any CPU
		{166893CE-FEDF-4ACD-83D9-32538BB4F50A}.Ad-Hoc|iPhoneSimulator.Build.0 = Release|Any CPU
		{166893CE-FEDF-4ACD-83D9-32538BB4F50A}.Ad-Hoc|iPhoneSimulator.Deploy.0 = Release|Any CPU
		{166893CE-FEDF-4ACD-83D9-32538BB4F50A}.Ad-Hoc|x64.ActiveCfg = Release|Any CPU
		{166893CE-FEDF-4ACD-83D9-32538BB4F50A}.Ad-Hoc|x64.Build.0 = Release|Any CPU
		{166893CE-FEDF-4ACD-83D9-32538BB4F50A}.Ad-Hoc|x64.Deploy.0 = Release|Any CPU
		{166893CE-FEDF-4ACD-83D9-32538BB4F50A}.Ad-Hoc|x86.ActiveCfg = Release|Any CPU
		{166893CE-FEDF-4ACD-83D9-32538BB4F50A}.Ad-Hoc|x86.Build.0 = Release|Any CPU
		{166893CE-FEDF-4ACD-83D9-32538BB4F50A}.Ad-Hoc|x86.Deploy.0 = Release|Any CPU
		{166893CE-FEDF-4ACD-83D9-32538BB4F50A}.AppStore|Any CPU.ActiveCfg = Release|Any CPU
		{166893CE-FEDF-4ACD-83D9-32538BB4F50A}.AppStore|Any CPU.Build.0 = Release|Any CPU
		{166893CE-FEDF-4ACD-83D9-32538BB4F50A}.AppStore|Any CPU.Deploy.0 = Release|Any CPU
		{166893CE-FEDF-4ACD-83D9-32538BB4F50A}.AppStore|ARM.ActiveCfg = Release|Any CPU
		{166893CE-FEDF-4ACD-83D9-32538BB4F50A}.AppStore|ARM.Build.0 = Release|Any CPU
		{166893CE-FEDF-4ACD-83D9-32538BB4F50A}.AppStore|ARM.Deploy.0 = Release|Any CPU
		{166893CE-FEDF-4ACD-83D9-32538BB4F50A}.AppStore|iPhone.ActiveCfg = Release|Any CPU
		{166893CE-FEDF-4ACD-83D9-32538BB4F50A}.AppStore|iPhone.Build.0 = Release|Any CPU
		{166893CE-FEDF-4ACD-83D9-32538BB4F50A}.AppStore|iPhone.Deploy.0 = Release|Any CPU
		{166893CE-FEDF-4ACD-83D9-32538BB4F50A}.AppStore|iPhoneSimulator.ActiveCfg = Release|Any CPU
		{166893CE-FEDF-4ACD-83D9-32538BB4F50A}.AppStore|iPhoneSimulator.Build.0 = Release|Any CPU
		{166893CE-FEDF-4ACD-83D9-32538BB4F50A}.AppStore|iPhoneSimulator.Deploy.0 = Release|Any CPU
		{166893CE-FEDF-4ACD-83D9-32538BB4F50A}.AppStore|x64.ActiveCfg = Release|Any CPU
		{166893CE-FEDF-4ACD-83D9-32538BB4F50A}.AppStore|x64.Build.0 = Release|Any CPU
		{166893CE-FEDF-4ACD-83D9-32538BB4F50A}.AppStore|x64.Deploy.0 = Release|Any CPU
		{166893CE-FEDF-4ACD-83D9-32538BB4F50A}.AppStore|x86.ActiveCfg = Release|Any CPU
		{166893CE-FEDF-4ACD-83D9-32538BB4F50A}.AppStore|x86.Build.0 = Release|Any CPU
		{166893CE-FEDF-4ACD-83D9-32538BB4F50A}.AppStore|x86.Deploy.0 = Release|Any CPU
		{166893CE-FEDF-4ACD-83D9-32538BB4F50A}.Debug|Any CPU.ActiveCfg = Debug|Any CPU
		{166893CE-FEDF-4ACD-83D9-32538BB4F50A}.Debug|Any CPU.Build.0 = Debug|Any CPU
		{166893CE-FEDF-4ACD-83D9-32538BB4F50A}.Debug|Any CPU.Deploy.0 = Debug|Any CPU
		{166893CE-FEDF-4ACD-83D9-32538BB4F50A}.Debug|ARM.ActiveCfg = Debug|Any CPU
		{166893CE-FEDF-4ACD-83D9-32538BB4F50A}.Debug|ARM.Build.0 = Debug|Any CPU
		{166893CE-FEDF-4ACD-83D9-32538BB4F50A}.Debug|ARM.Deploy.0 = Debug|Any CPU
		{166893CE-FEDF-4ACD-83D9-32538BB4F50A}.Debug|iPhone.ActiveCfg = Debug|Any CPU
		{166893CE-FEDF-4ACD-83D9-32538BB4F50A}.Debug|iPhone.Build.0 = Debug|Any CPU
		{166893CE-FEDF-4ACD-83D9-32538BB4F50A}.Debug|iPhone.Deploy.0 = Debug|Any CPU
		{166893CE-FEDF-4ACD-83D9-32538BB4F50A}.Debug|iPhoneSimulator.ActiveCfg = Debug|Any CPU
		{166893CE-FEDF-4ACD-83D9-32538BB4F50A}.Debug|iPhoneSimulator.Build.0 = Debug|Any CPU
		{166893CE-FEDF-4ACD-83D9-32538BB4F50A}.Debug|iPhoneSimulator.Deploy.0 = Debug|Any CPU
		{166893CE-FEDF-4ACD-83D9-32538BB4F50A}.Debug|x64.ActiveCfg = Debug|Any CPU
		{166893CE-FEDF-4ACD-83D9-32538BB4F50A}.Debug|x64.Build.0 = Debug|Any CPU
		{166893CE-FEDF-4ACD-83D9-32538BB4F50A}.Debug|x64.Deploy.0 = Debug|Any CPU
		{166893CE-FEDF-4ACD-83D9-32538BB4F50A}.Debug|x86.ActiveCfg = Debug|Any CPU
		{166893CE-FEDF-4ACD-83D9-32538BB4F50A}.Debug|x86.Build.0 = Debug|Any CPU
		{166893CE-FEDF-4ACD-83D9-32538BB4F50A}.Debug|x86.Deploy.0 = Debug|Any CPU
		{166893CE-FEDF-4ACD-83D9-32538BB4F50A}.Release|Any CPU.ActiveCfg = Release|Any CPU
		{166893CE-FEDF-4ACD-83D9-32538BB4F50A}.Release|Any CPU.Build.0 = Release|Any CPU
		{166893CE-FEDF-4ACD-83D9-32538BB4F50A}.Release|Any CPU.Deploy.0 = Release|Any CPU
		{166893CE-FEDF-4ACD-83D9-32538BB4F50A}.Release|ARM.ActiveCfg = Release|Any CPU
		{166893CE-FEDF-4ACD-83D9-32538BB4F50A}.Release|ARM.Build.0 = Release|Any CPU
		{166893CE-FEDF-4ACD-83D9-32538BB4F50A}.Release|ARM.Deploy.0 = Release|Any CPU
		{166893CE-FEDF-4ACD-83D9-32538BB4F50A}.Release|iPhone.ActiveCfg = Release|Any CPU
		{166893CE-FEDF-4ACD-83D9-32538BB4F50A}.Release|iPhone.Build.0 = Release|Any CPU
		{166893CE-FEDF-4ACD-83D9-32538BB4F50A}.Release|iPhone.Deploy.0 = Release|Any CPU
		{166893CE-FEDF-4ACD-83D9-32538BB4F50A}.Release|iPhoneSimulator.ActiveCfg = Release|Any CPU
		{166893CE-FEDF-4ACD-83D9-32538BB4F50A}.Release|iPhoneSimulator.Build.0 = Release|Any CPU
		{166893CE-FEDF-4ACD-83D9-32538BB4F50A}.Release|iPhoneSimulator.Deploy.0 = Release|Any CPU
		{166893CE-FEDF-4ACD-83D9-32538BB4F50A}.Release|x64.ActiveCfg = Release|Any CPU
		{166893CE-FEDF-4ACD-83D9-32538BB4F50A}.Release|x64.Build.0 = Release|Any CPU
		{166893CE-FEDF-4ACD-83D9-32538BB4F50A}.Release|x64.Deploy.0 = Release|Any CPU
		{166893CE-FEDF-4ACD-83D9-32538BB4F50A}.Release|x86.ActiveCfg = Release|Any CPU
		{166893CE-FEDF-4ACD-83D9-32538BB4F50A}.Release|x86.Build.0 = Release|Any CPU
		{166893CE-FEDF-4ACD-83D9-32538BB4F50A}.Release|x86.Deploy.0 = Release|Any CPU
		{AE05EC40-9B93-43E0-B2F2-2DCC601BB1D4}.Ad-Hoc|Any CPU.ActiveCfg = Ad-Hoc|iPhone
		{AE05EC40-9B93-43E0-B2F2-2DCC601BB1D4}.Ad-Hoc|ARM.ActiveCfg = Ad-Hoc|iPhone
		{AE05EC40-9B93-43E0-B2F2-2DCC601BB1D4}.Ad-Hoc|iPhone.ActiveCfg = Ad-Hoc|iPhone
		{AE05EC40-9B93-43E0-B2F2-2DCC601BB1D4}.Ad-Hoc|iPhone.Build.0 = Ad-Hoc|iPhone
		{AE05EC40-9B93-43E0-B2F2-2DCC601BB1D4}.Ad-Hoc|iPhoneSimulator.ActiveCfg = Ad-Hoc|iPhoneSimulator
		{AE05EC40-9B93-43E0-B2F2-2DCC601BB1D4}.Ad-Hoc|iPhoneSimulator.Build.0 = Ad-Hoc|iPhoneSimulator
		{AE05EC40-9B93-43E0-B2F2-2DCC601BB1D4}.Ad-Hoc|x64.ActiveCfg = Ad-Hoc|iPhone
		{AE05EC40-9B93-43E0-B2F2-2DCC601BB1D4}.Ad-Hoc|x86.ActiveCfg = Ad-Hoc|iPhone
		{AE05EC40-9B93-43E0-B2F2-2DCC601BB1D4}.AppStore|Any CPU.ActiveCfg = AppStore|iPhone
		{AE05EC40-9B93-43E0-B2F2-2DCC601BB1D4}.AppStore|ARM.ActiveCfg = AppStore|iPhone
		{AE05EC40-9B93-43E0-B2F2-2DCC601BB1D4}.AppStore|iPhone.ActiveCfg = AppStore|iPhone
		{AE05EC40-9B93-43E0-B2F2-2DCC601BB1D4}.AppStore|iPhone.Build.0 = AppStore|iPhone
		{AE05EC40-9B93-43E0-B2F2-2DCC601BB1D4}.AppStore|iPhoneSimulator.ActiveCfg = AppStore|iPhoneSimulator
		{AE05EC40-9B93-43E0-B2F2-2DCC601BB1D4}.AppStore|iPhoneSimulator.Build.0 = AppStore|iPhoneSimulator
		{AE05EC40-9B93-43E0-B2F2-2DCC601BB1D4}.AppStore|x64.ActiveCfg = AppStore|iPhone
		{AE05EC40-9B93-43E0-B2F2-2DCC601BB1D4}.AppStore|x86.ActiveCfg = AppStore|iPhone
		{AE05EC40-9B93-43E0-B2F2-2DCC601BB1D4}.Debug|Any CPU.ActiveCfg = Debug|iPhone
		{AE05EC40-9B93-43E0-B2F2-2DCC601BB1D4}.Debug|ARM.ActiveCfg = Debug|iPhone
		{AE05EC40-9B93-43E0-B2F2-2DCC601BB1D4}.Debug|iPhone.ActiveCfg = Debug|iPhone
		{AE05EC40-9B93-43E0-B2F2-2DCC601BB1D4}.Debug|iPhone.Build.0 = Debug|iPhone
		{AE05EC40-9B93-43E0-B2F2-2DCC601BB1D4}.Debug|iPhoneSimulator.ActiveCfg = Debug|iPhoneSimulator
		{AE05EC40-9B93-43E0-B2F2-2DCC601BB1D4}.Debug|iPhoneSimulator.Build.0 = Debug|iPhoneSimulator
		{AE05EC40-9B93-43E0-B2F2-2DCC601BB1D4}.Debug|x64.ActiveCfg = Debug|iPhone
		{AE05EC40-9B93-43E0-B2F2-2DCC601BB1D4}.Debug|x86.ActiveCfg = Debug|iPhone
		{AE05EC40-9B93-43E0-B2F2-2DCC601BB1D4}.Release|Any CPU.ActiveCfg = Release|iPhone
		{AE05EC40-9B93-43E0-B2F2-2DCC601BB1D4}.Release|ARM.ActiveCfg = Release|iPhone
		{AE05EC40-9B93-43E0-B2F2-2DCC601BB1D4}.Release|iPhone.ActiveCfg = Release|iPhone
		{AE05EC40-9B93-43E0-B2F2-2DCC601BB1D4}.Release|iPhone.Build.0 = Release|iPhone
		{AE05EC40-9B93-43E0-B2F2-2DCC601BB1D4}.Release|iPhoneSimulator.ActiveCfg = Release|iPhoneSimulator
		{AE05EC40-9B93-43E0-B2F2-2DCC601BB1D4}.Release|iPhoneSimulator.Build.0 = Release|iPhoneSimulator
		{AE05EC40-9B93-43E0-B2F2-2DCC601BB1D4}.Release|x64.ActiveCfg = Release|iPhone
		{AE05EC40-9B93-43E0-B2F2-2DCC601BB1D4}.Release|x86.ActiveCfg = Release|iPhone
		{0DA2B9CB-B05F-4C18-9606-5A261B9D4D3B}.Ad-Hoc|Any CPU.ActiveCfg = Release|x86
		{0DA2B9CB-B05F-4C18-9606-5A261B9D4D3B}.Ad-Hoc|Any CPU.Build.0 = Release|x86
		{0DA2B9CB-B05F-4C18-9606-5A261B9D4D3B}.Ad-Hoc|Any CPU.Deploy.0 = Release|x86
		{0DA2B9CB-B05F-4C18-9606-5A261B9D4D3B}.Ad-Hoc|ARM.ActiveCfg = Release|ARM
		{0DA2B9CB-B05F-4C18-9606-5A261B9D4D3B}.Ad-Hoc|ARM.Build.0 = Release|ARM
		{0DA2B9CB-B05F-4C18-9606-5A261B9D4D3B}.Ad-Hoc|ARM.Deploy.0 = Release|ARM
		{0DA2B9CB-B05F-4C18-9606-5A261B9D4D3B}.Ad-Hoc|iPhone.ActiveCfg = Release|x86
		{0DA2B9CB-B05F-4C18-9606-5A261B9D4D3B}.Ad-Hoc|iPhone.Build.0 = Release|x86
		{0DA2B9CB-B05F-4C18-9606-5A261B9D4D3B}.Ad-Hoc|iPhone.Deploy.0 = Release|x86
		{0DA2B9CB-B05F-4C18-9606-5A261B9D4D3B}.Ad-Hoc|iPhoneSimulator.ActiveCfg = Release|x86
		{0DA2B9CB-B05F-4C18-9606-5A261B9D4D3B}.Ad-Hoc|iPhoneSimulator.Build.0 = Release|x86
		{0DA2B9CB-B05F-4C18-9606-5A261B9D4D3B}.Ad-Hoc|iPhoneSimulator.Deploy.0 = Release|x86
		{0DA2B9CB-B05F-4C18-9606-5A261B9D4D3B}.Ad-Hoc|x64.ActiveCfg = Release|x64
		{0DA2B9CB-B05F-4C18-9606-5A261B9D4D3B}.Ad-Hoc|x64.Build.0 = Release|x64
		{0DA2B9CB-B05F-4C18-9606-5A261B9D4D3B}.Ad-Hoc|x64.Deploy.0 = Release|x64
		{0DA2B9CB-B05F-4C18-9606-5A261B9D4D3B}.Ad-Hoc|x86.ActiveCfg = Release|x86
		{0DA2B9CB-B05F-4C18-9606-5A261B9D4D3B}.Ad-Hoc|x86.Build.0 = Release|x86
		{0DA2B9CB-B05F-4C18-9606-5A261B9D4D3B}.Ad-Hoc|x86.Deploy.0 = Release|x86
		{0DA2B9CB-B05F-4C18-9606-5A261B9D4D3B}.AppStore|Any CPU.ActiveCfg = Release|x86
		{0DA2B9CB-B05F-4C18-9606-5A261B9D4D3B}.AppStore|Any CPU.Build.0 = Release|x86
		{0DA2B9CB-B05F-4C18-9606-5A261B9D4D3B}.AppStore|Any CPU.Deploy.0 = Release|x86
		{0DA2B9CB-B05F-4C18-9606-5A261B9D4D3B}.AppStore|ARM.ActiveCfg = Release|ARM
		{0DA2B9CB-B05F-4C18-9606-5A261B9D4D3B}.AppStore|ARM.Build.0 = Release|ARM
		{0DA2B9CB-B05F-4C18-9606-5A261B9D4D3B}.AppStore|ARM.Deploy.0 = Release|ARM
		{0DA2B9CB-B05F-4C18-9606-5A261B9D4D3B}.AppStore|iPhone.ActiveCfg = Release|x86
		{0DA2B9CB-B05F-4C18-9606-5A261B9D4D3B}.AppStore|iPhone.Build.0 = Release|x86
		{0DA2B9CB-B05F-4C18-9606-5A261B9D4D3B}.AppStore|iPhone.Deploy.0 = Release|x86
		{0DA2B9CB-B05F-4C18-9606-5A261B9D4D3B}.AppStore|iPhoneSimulator.ActiveCfg = Release|x86
		{0DA2B9CB-B05F-4C18-9606-5A261B9D4D3B}.AppStore|iPhoneSimulator.Build.0 = Release|x86
		{0DA2B9CB-B05F-4C18-9606-5A261B9D4D3B}.AppStore|iPhoneSimulator.Deploy.0 = Release|x86
		{0DA2B9CB-B05F-4C18-9606-5A261B9D4D3B}.AppStore|x64.ActiveCfg = Release|x64
		{0DA2B9CB-B05F-4C18-9606-5A261B9D4D3B}.AppStore|x64.Build.0 = Release|x64
		{0DA2B9CB-B05F-4C18-9606-5A261B9D4D3B}.AppStore|x64.Deploy.0 = Release|x64
		{0DA2B9CB-B05F-4C18-9606-5A261B9D4D3B}.AppStore|x86.ActiveCfg = Release|x86
		{0DA2B9CB-B05F-4C18-9606-5A261B9D4D3B}.AppStore|x86.Build.0 = Release|x86
		{0DA2B9CB-B05F-4C18-9606-5A261B9D4D3B}.AppStore|x86.Deploy.0 = Release|x86
		{0DA2B9CB-B05F-4C18-9606-5A261B9D4D3B}.Debug|Any CPU.ActiveCfg = Debug|x86
		{0DA2B9CB-B05F-4C18-9606-5A261B9D4D3B}.Debug|ARM.ActiveCfg = Debug|ARM
		{0DA2B9CB-B05F-4C18-9606-5A261B9D4D3B}.Debug|ARM.Build.0 = Debug|ARM
		{0DA2B9CB-B05F-4C18-9606-5A261B9D4D3B}.Debug|ARM.Deploy.0 = Debug|ARM
		{0DA2B9CB-B05F-4C18-9606-5A261B9D4D3B}.Debug|iPhone.ActiveCfg = Debug|x86
		{0DA2B9CB-B05F-4C18-9606-5A261B9D4D3B}.Debug|iPhoneSimulator.ActiveCfg = Debug|x86
		{0DA2B9CB-B05F-4C18-9606-5A261B9D4D3B}.Debug|x64.ActiveCfg = Debug|x64
		{0DA2B9CB-B05F-4C18-9606-5A261B9D4D3B}.Debug|x64.Build.0 = Debug|x64
		{0DA2B9CB-B05F-4C18-9606-5A261B9D4D3B}.Debug|x64.Deploy.0 = Debug|x64
		{0DA2B9CB-B05F-4C18-9606-5A261B9D4D3B}.Debug|x86.ActiveCfg = Debug|x86
		{0DA2B9CB-B05F-4C18-9606-5A261B9D4D3B}.Debug|x86.Build.0 = Debug|x86
		{0DA2B9CB-B05F-4C18-9606-5A261B9D4D3B}.Debug|x86.Deploy.0 = Debug|x86
		{0DA2B9CB-B05F-4C18-9606-5A261B9D4D3B}.Release|Any CPU.ActiveCfg = Release|x86
		{0DA2B9CB-B05F-4C18-9606-5A261B9D4D3B}.Release|ARM.ActiveCfg = Release|ARM
		{0DA2B9CB-B05F-4C18-9606-5A261B9D4D3B}.Release|ARM.Build.0 = Release|ARM
		{0DA2B9CB-B05F-4C18-9606-5A261B9D4D3B}.Release|ARM.Deploy.0 = Release|ARM
		{0DA2B9CB-B05F-4C18-9606-5A261B9D4D3B}.Release|iPhone.ActiveCfg = Release|x86
		{0DA2B9CB-B05F-4C18-9606-5A261B9D4D3B}.Release|iPhoneSimulator.ActiveCfg = Release|x86
		{0DA2B9CB-B05F-4C18-9606-5A261B9D4D3B}.Release|x64.ActiveCfg = Release|x64
		{0DA2B9CB-B05F-4C18-9606-5A261B9D4D3B}.Release|x64.Build.0 = Release|x64
		{0DA2B9CB-B05F-4C18-9606-5A261B9D4D3B}.Release|x64.Deploy.0 = Release|x64
		{0DA2B9CB-B05F-4C18-9606-5A261B9D4D3B}.Release|x86.ActiveCfg = Release|x86
		{0DA2B9CB-B05F-4C18-9606-5A261B9D4D3B}.Release|x86.Build.0 = Release|x86
		{0DA2B9CB-B05F-4C18-9606-5A261B9D4D3B}.Release|x86.Deploy.0 = Release|x86
		{A23F8322-CC47-46CF-837B-6E10B9711ED0}.Ad-Hoc|Any CPU.ActiveCfg = Debug|Any CPU
		{A23F8322-CC47-46CF-837B-6E10B9711ED0}.Ad-Hoc|Any CPU.Build.0 = Debug|Any CPU
		{A23F8322-CC47-46CF-837B-6E10B9711ED0}.Ad-Hoc|ARM.ActiveCfg = Debug|Any CPU
		{A23F8322-CC47-46CF-837B-6E10B9711ED0}.Ad-Hoc|ARM.Build.0 = Debug|Any CPU
		{A23F8322-CC47-46CF-837B-6E10B9711ED0}.Ad-Hoc|iPhone.ActiveCfg = Debug|Any CPU
		{A23F8322-CC47-46CF-837B-6E10B9711ED0}.Ad-Hoc|iPhone.Build.0 = Debug|Any CPU
		{A23F8322-CC47-46CF-837B-6E10B9711ED0}.Ad-Hoc|iPhoneSimulator.ActiveCfg = Debug|Any CPU
		{A23F8322-CC47-46CF-837B-6E10B9711ED0}.Ad-Hoc|iPhoneSimulator.Build.0 = Debug|Any CPU
		{A23F8322-CC47-46CF-837B-6E10B9711ED0}.Ad-Hoc|x64.ActiveCfg = Debug|Any CPU
		{A23F8322-CC47-46CF-837B-6E10B9711ED0}.Ad-Hoc|x64.Build.0 = Debug|Any CPU
		{A23F8322-CC47-46CF-837B-6E10B9711ED0}.Ad-Hoc|x86.ActiveCfg = Debug|Any CPU
		{A23F8322-CC47-46CF-837B-6E10B9711ED0}.Ad-Hoc|x86.Build.0 = Debug|Any CPU
		{A23F8322-CC47-46CF-837B-6E10B9711ED0}.AppStore|Any CPU.ActiveCfg = Debug|Any CPU
		{A23F8322-CC47-46CF-837B-6E10B9711ED0}.AppStore|Any CPU.Build.0 = Debug|Any CPU
		{A23F8322-CC47-46CF-837B-6E10B9711ED0}.AppStore|ARM.ActiveCfg = Debug|Any CPU
		{A23F8322-CC47-46CF-837B-6E10B9711ED0}.AppStore|ARM.Build.0 = Debug|Any CPU
		{A23F8322-CC47-46CF-837B-6E10B9711ED0}.AppStore|iPhone.ActiveCfg = Debug|Any CPU
		{A23F8322-CC47-46CF-837B-6E10B9711ED0}.AppStore|iPhone.Build.0 = Debug|Any CPU
		{A23F8322-CC47-46CF-837B-6E10B9711ED0}.AppStore|iPhoneSimulator.ActiveCfg = Debug|Any CPU
		{A23F8322-CC47-46CF-837B-6E10B9711ED0}.AppStore|iPhoneSimulator.Build.0 = Debug|Any CPU
		{A23F8322-CC47-46CF-837B-6E10B9711ED0}.AppStore|x64.ActiveCfg = Debug|Any CPU
		{A23F8322-CC47-46CF-837B-6E10B9711ED0}.AppStore|x64.Build.0 = Debug|Any CPU
		{A23F8322-CC47-46CF-837B-6E10B9711ED0}.AppStore|x86.ActiveCfg = Debug|Any CPU
		{A23F8322-CC47-46CF-837B-6E10B9711ED0}.AppStore|x86.Build.0 = Debug|Any CPU
		{A23F8322-CC47-46CF-837B-6E10B9711ED0}.Debug|Any CPU.ActiveCfg = Debug|Any CPU
		{A23F8322-CC47-46CF-837B-6E10B9711ED0}.Debug|Any CPU.Build.0 = Debug|Any CPU
		{A23F8322-CC47-46CF-837B-6E10B9711ED0}.Debug|ARM.ActiveCfg = Debug|Any CPU
		{A23F8322-CC47-46CF-837B-6E10B9711ED0}.Debug|ARM.Build.0 = Debug|Any CPU
		{A23F8322-CC47-46CF-837B-6E10B9711ED0}.Debug|iPhone.ActiveCfg = Debug|Any CPU
		{A23F8322-CC47-46CF-837B-6E10B9711ED0}.Debug|iPhone.Build.0 = Debug|Any CPU
		{A23F8322-CC47-46CF-837B-6E10B9711ED0}.Debug|iPhoneSimulator.ActiveCfg = Debug|Any CPU
		{A23F8322-CC47-46CF-837B-6E10B9711ED0}.Debug|iPhoneSimulator.Build.0 = Debug|Any CPU
		{A23F8322-CC47-46CF-837B-6E10B9711ED0}.Debug|x64.ActiveCfg = Debug|Any CPU
		{A23F8322-CC47-46CF-837B-6E10B9711ED0}.Debug|x64.Build.0 = Debug|Any CPU
		{A23F8322-CC47-46CF-837B-6E10B9711ED0}.Debug|x86.ActiveCfg = Debug|Any CPU
		{A23F8322-CC47-46CF-837B-6E10B9711ED0}.Debug|x86.Build.0 = Debug|Any CPU
		{A23F8322-CC47-46CF-837B-6E10B9711ED0}.Release|Any CPU.ActiveCfg = Release|Any CPU
		{A23F8322-CC47-46CF-837B-6E10B9711ED0}.Release|Any CPU.Build.0 = Release|Any CPU
		{A23F8322-CC47-46CF-837B-6E10B9711ED0}.Release|ARM.ActiveCfg = Release|Any CPU
		{A23F8322-CC47-46CF-837B-6E10B9711ED0}.Release|ARM.Build.0 = Release|Any CPU
		{A23F8322-CC47-46CF-837B-6E10B9711ED0}.Release|iPhone.ActiveCfg = Release|Any CPU
		{A23F8322-CC47-46CF-837B-6E10B9711ED0}.Release|iPhone.Build.0 = Release|Any CPU
		{A23F8322-CC47-46CF-837B-6E10B9711ED0}.Release|iPhoneSimulator.ActiveCfg = Release|Any CPU
		{A23F8322-CC47-46CF-837B-6E10B9711ED0}.Release|iPhoneSimulator.Build.0 = Release|Any CPU
		{A23F8322-CC47-46CF-837B-6E10B9711ED0}.Release|x64.ActiveCfg = Release|Any CPU
		{A23F8322-CC47-46CF-837B-6E10B9711ED0}.Release|x64.Build.0 = Release|Any CPU
		{A23F8322-CC47-46CF-837B-6E10B9711ED0}.Release|x86.ActiveCfg = Release|Any CPU
		{A23F8322-CC47-46CF-837B-6E10B9711ED0}.Release|x86.Build.0 = Release|Any CPU
	EndGlobalSection
	GlobalSection(SolutionProperties) = preSolution
		HideSolutionNode = FALSE
	EndGlobalSection
	GlobalSection(ExtensibilityGlobals) = postSolution
		SolutionGuid = {26EAB72D-CB84-4B5D-A06D-87C48D323D67}
	EndGlobalSection
EndGlobal
